
Microsoft Visual Studio Solution File, Format Version 12.00
# Visual Studio Version 16
VisualStudioVersion = 16.0.32413.511
MinimumVisualStudioVersion = 10.0.40219.1
Project("{FAE04EC0-301F-11D3-BF4B-00C04F79EFBC}") = "Meeteam_Backend", "Meeteam_Backend\Meeteam_Backend.csproj", "{AE6BB267-1D0C-4E91-B72F-6888C560A76E}"
EndProject
Global
	GlobalSection(SolutionConfigurationPlatforms) = preSolution
		Debug|Any CPU = Debug|Any CPU
		Release|Any CPU = Release|Any CPU
	EndGlobalSection
	GlobalSection(ProjectConfigurationPlatforms) = postSolution
		{AE6BB267-1D0C-4E91-B72F-6888C560A76E}.Debug|Any CPU.ActiveCfg = Debug|Any CPU
		{AE6BB267-1D0C-4E91-B72F-6888C560A76E}.Debug|Any CPU.Build.0 = Debug|Any CPU
		{AE6BB267-1D0C-4E91-B72F-6888C560A76E}.Release|Any CPU.ActiveCfg = Release|Any CPU
		{AE6BB267-1D0C-4E91-B72F-6888C560A76E}.Release|Any CPU.Build.0 = Release|Any CPU
	EndGlobalSection
	GlobalSection(SolutionProperties) = preSolution
		HideSolutionNode = FALSE
	EndGlobalSection
	GlobalSection(ExtensibilityGlobals) = postSolution
		SolutionGuid = {AF80F990-E76C-496E-B0CC-2BB1AECB64A3}
	EndGlobalSection
EndGlobal
