
Microsoft Visual Studio Solution File, Format Version 12.00
# Visual Studio Version 16
VisualStudioVersion = 16.0.30503.244
MinimumVisualStudioVersion = 10.0.40219.1
Project("{FAE04EC0-301F-11D3-BF4B-00C04F79EFBC}") = "操作系统之电梯调度", "操作系统之电梯调度\操作系统之电梯调度.csproj", "{FDDA740C-D9FE-462C-A04B-B17B23F07C5A}"
EndProject
Global
	GlobalSection(SolutionConfigurationPlatforms) = preSolution
		Debug|Any CPU = Debug|Any CPU
		Release|Any CPU = Release|Any CPU
	EndGlobalSection
	GlobalSection(ProjectConfigurationPlatforms) = postSolution
		{FDDA740C-D9FE-462C-A04B-B17B23F07C5A}.Debug|Any CPU.ActiveCfg = Debug|Any CPU
		{FDDA740C-D9FE-462C-A04B-B17B23F07C5A}.Debug|Any CPU.Build.0 = Debug|Any CPU
		{FDDA740C-D9FE-462C-A04B-B17B23F07C5A}.Release|Any CPU.ActiveCfg = Release|Any CPU
		{FDDA740C-D9FE-462C-A04B-B17B23F07C5A}.Release|Any CPU.Build.0 = Release|Any CPU
	EndGlobalSection
	GlobalSection(SolutionProperties) = preSolution
		HideSolutionNode = FALSE
	EndGlobalSection
	GlobalSection(ExtensibilityGlobals) = postSolution
		SolutionGuid = {1E910E75-3812-4ED5-B6FD-EDDB1CD2C68C}
	EndGlobalSection
EndGlobal
