
Microsoft Visual Studio Solution File, Format Version 12.00
# Visual Studio Version 16
VisualStudioVersion = 16.0.32630.194
MinimumVisualStudioVersion = 10.0.40219.1
Project("{FAE04EC0-301F-11D3-BF4B-00C04F79EFBC}") = "Meeteam", "Meeteam.csproj", "{A3B83ED8-CB46-4C22-817E-62C8E4C2D01F}"
EndProject
Project("{FAE04EC0-301F-11D3-BF4B-00C04F79EFBC}") = "Model", "..\Model\Model.csproj", "{9FE043A5-8F12-4EFF-B449-B08B011F653E}"
EndProject
Project("{FAE04EC0-301F-11D3-BF4B-00C04F79EFBC}") = "DAL", "..\DAL\DAL.csproj", "{C1AF366A-CD79-4C5B-B859-61D20BAA1F6E}"
EndProject
Project("{FAE04EC0-301F-11D3-BF4B-00C04F79EFBC}") = "BLL", "..\BLL\BLL.csproj", "{73E98BE8-ECA1-4C49-86F4-2A315341801B}"
EndProject
Global
	GlobalSection(SolutionConfigurationPlatforms) = preSolution
		Debug|Any CPU = Debug|Any CPU
		Release|Any CPU = Release|Any CPU
	EndGlobalSection
	GlobalSection(ProjectConfigurationPlatforms) = postSolution
		{A3B83ED8-CB46-4C22-817E-62C8E4C2D01F}.Debug|Any CPU.ActiveCfg = Debug|Any CPU
		{A3B83ED8-CB46-4C22-817E-62C8E4C2D01F}.Debug|Any CPU.Build.0 = Debug|Any CPU
		{A3B83ED8-CB46-4C22-817E-62C8E4C2D01F}.Release|Any CPU.ActiveCfg = Release|Any CPU
		{A3B83ED8-CB46-4C22-817E-62C8E4C2D01F}.Release|Any CPU.Build.0 = Release|Any CPU
		{9FE043A5-8F12-4EFF-B449-B08B011F653E}.Debug|Any CPU.ActiveCfg = Debug|Any CPU
		{9FE043A5-8F12-4EFF-B449-B08B011F653E}.Debug|Any CPU.Build.0 = Debug|Any CPU
		{9FE043A5-8F12-4EFF-B449-B08B011F653E}.Release|Any CPU.ActiveCfg = Release|Any CPU
		{9FE043A5-8F12-4EFF-B449-B08B011F653E}.Release|Any CPU.Build.0 = Release|Any CPU
		{C1AF366A-CD79-4C5B-B859-61D20BAA1F6E}.Debug|Any CPU.ActiveCfg = Debug|Any CPU
		{C1AF366A-CD79-4C5B-B859-61D20BAA1F6E}.Debug|Any CPU.Build.0 = Debug|Any CPU
		{C1AF366A-CD79-4C5B-B859-61D20BAA1F6E}.Release|Any CPU.ActiveCfg = Release|Any CPU
		{C1AF366A-CD79-4C5B-B859-61D20BAA1F6E}.Release|Any CPU.Build.0 = Release|Any CPU
		{73E98BE8-ECA1-4C49-86F4-2A315341801B}.Debug|Any CPU.ActiveCfg = Debug|Any CPU
		{73E98BE8-ECA1-4C49-86F4-2A315341801B}.Debug|Any CPU.Build.0 = Debug|Any CPU
		{73E98BE8-ECA1-4C49-86F4-2A315341801B}.Release|Any CPU.ActiveCfg = Release|Any CPU
		{73E98BE8-ECA1-4C49-86F4-2A315341801B}.Release|Any CPU.Build.0 = Release|Any CPU
	EndGlobalSection
	GlobalSection(SolutionProperties) = preSolution
		HideSolutionNode = FALSE
	EndGlobalSection
	GlobalSection(ExtensibilityGlobals) = postSolution
		SolutionGuid = {33A21493-7B84-4421-9986-CE538A8CD29F}
	EndGlobalSection
EndGlobal
